
Microsoft Visual Studio Solution File, Format Version 12.00
# Visual Studio Version 17
VisualStudioVersion = 17.3.32929.385
MinimumVisualStudioVersion = 10.0.40219.1
Project("{FAE04EC0-301F-11D3-BF4B-00C04F79EFBC}") = "SimpleBlockChain", "SimpleBlockChain\SimpleBlockChain.csproj", "{09F0A520-6C5D-4877-A898-9A672D524CDD}"
EndProject
Global
	GlobalSection(SolutionConfigurationPlatforms) = preSolution
		Debug|Any CPU = Debug|Any CPU
		Release|Any CPU = Release|Any CPU
	EndGlobalSection
	GlobalSection(ProjectConfigurationPlatforms) = postSolution
		{09F0A520-6C5D-4877-A898-9A672D524CDD}.Debug|Any CPU.ActiveCfg = Debug|Any CPU
		{09F0A520-6C5D-4877-A898-9A672D524CDD}.Debug|Any CPU.Build.0 = Debug|Any CPU
		{09F0A520-6C5D-4877-A898-9A672D524CDD}.Release|Any CPU.ActiveCfg = Release|Any CPU
		{09F0A520-6C5D-4877-A898-9A672D524CDD}.Release|Any CPU.Build.0 = Release|Any CPU
	EndGlobalSection
	GlobalSection(SolutionProperties) = preSolution
		HideSolutionNode = FALSE
	EndGlobalSection
	GlobalSection(ExtensibilityGlobals) = postSolution
		SolutionGuid = {FC7AD504-6647-45AA-987C-28DF00C3ED3F}
	EndGlobalSection
EndGlobal
